<Solution>
  <Folder Name="/src/">
    <Project Path="src/EnterpriseObservatory.Api/EnterpriseObservatory.Api.csproj" />
    <Project Path="src/EnterpriseObservatory.Application/EnterpriseObservatory.Application.csproj" />
    <Project Path="src/EnterpriseObservatory.Collectors.Vsphere/EnterpriseObservatory.Collectors.Vsphere.csproj" />
    <Project Path="src/EnterpriseObservatory.Domain/EnterpriseObservatory.Domain.csproj" />
    <Project Path="src/EnterpriseObservatory.Host.AllInOne/EnterpriseObservatory.Host.AllInOne.csproj" />
    <Project Path="src/EnterpriseObservatory.Persistence.Postgres/EnterpriseObservatory.Persistence.Postgres.csproj" />
  </Folder>
  <Folder Name="/tests/">
    <Project Path="tests/EnterpriseObservatory.Api.Tests/EnterpriseObservatory.Api.Tests.csproj" />
    <Project Path="tests/EnterpriseObservatory.Application.Tests/EnterpriseObservatory.Application.Tests.csproj" />
    <Project Path="tests/EnterpriseObservatory.Architecture.Tests/EnterpriseObservatory.Architecture.Tests.csproj" />
    <Project Path="tests/EnterpriseObservatory.Collectors.Contract.Tests/EnterpriseObservatory.Collectors.Contract.Tests.csproj" />
    <Project Path="tests/EnterpriseObservatory.Collectors.Vsphere.Tests/EnterpriseObservatory.Collectors.Vsphere.Tests.csproj" />
    <Project Path="tests/EnterpriseObservatory.Domain.Tests/EnterpriseObservatory.Domain.Tests.csproj" />
    <Project Path="tests/EnterpriseObservatory.Host.AllInOne.Tests/EnterpriseObservatory.Host.AllInOne.Tests.csproj" />
    <Project Path="tests/EnterpriseObservatory.Persistence.Postgres.Tests/EnterpriseObservatory.Persistence.Postgres.Tests.csproj" />
    <Project Path="tests/EnterpriseObservatory.RedfishProbe.Tests/EnterpriseObservatory.RedfishProbe.Tests.csproj" />
  </Folder>
  <Folder Name="/tools/">
    <Project Path="tools/EnterpriseObservatory.VsphereProbe/EnterpriseObservatory.VsphereProbe.csproj" />
    <Project Path="tools/EnterpriseObservatory.RedfishProbe/EnterpriseObservatory.RedfishProbe.csproj" />
  </Folder>
</Solution>
